
Microsoft Visual Studio Solution File, Format Version 12.00
# Visual Studio Version 17
VisualStudioVersion = 17.0.31912.275
MinimumVisualStudioVersion = 10.0.40219.1
Project("{9A19103F-16F7-4668-BE54-9A1E7A4F7556}") = "BlogSite.Entities", "BlogSite.Entities\BlogSite.Entities.csproj", "{503278B2-E952-48FA-9867-4AC2A40E44FB}"
EndProject
Project("{9A19103F-16F7-4668-BE54-9A1E7A4F7556}") = "BlogSite.DataAccess", "BlogSite.DataAccess\BlogSite.DataAccess.csproj", "{2B8C8DF7-165B-49E9-8E90-1765ABB0BB55}"
EndProject
Project("{9A19103F-16F7-4668-BE54-9A1E7A4F7556}") = "BlogSite.Business", "BlogSite.Business\BlogSite.Business.csproj", "{4D97BAB2-F128-4EB2-9B95-0BD9939A81D5}"
EndProject
Project("{FAE04EC0-301F-11D3-BF4B-00C04F79EFBC}") = "BlogSite.WebApi", "BlogSite.WebApi\BlogSite.WebApi.csproj", "{FD0C62A9-CF67-4E9A-8B0A-E66023281428}"
EndProject
Project("{FAE04EC0-301F-11D3-BF4B-00C04F79EFBC}") = "BlogSite.DTO", "BlogSite.DTO\BlogSite.DTO.csproj", "{C1EE9B1B-51A3-47D0-94F6-3B8D0CCB3789}"
EndProject
Global
	GlobalSection(SolutionConfigurationPlatforms) = preSolution
		Debug|Any CPU = Debug|Any CPU
		Release|Any CPU = Release|Any CPU
	EndGlobalSection
	GlobalSection(ProjectConfigurationPlatforms) = postSolution
		{503278B2-E952-48FA-9867-4AC2A40E44FB}.Debug|Any CPU.ActiveCfg = Debug|Any CPU
		{503278B2-E952-48FA-9867-4AC2A40E44FB}.Debug|Any CPU.Build.0 = Debug|Any CPU
		{503278B2-E952-48FA-9867-4AC2A40E44FB}.Release|Any CPU.ActiveCfg = Release|Any CPU
		{503278B2-E952-48FA-9867-4AC2A40E44FB}.Release|Any CPU.Build.0 = Release|Any CPU
		{2B8C8DF7-165B-49E9-8E90-1765ABB0BB55}.Debug|Any CPU.ActiveCfg = Debug|Any CPU
		{2B8C8DF7-165B-49E9-8E90-1765ABB0BB55}.Debug|Any CPU.Build.0 = Debug|Any CPU
		{2B8C8DF7-165B-49E9-8E90-1765ABB0BB55}.Release|Any CPU.ActiveCfg = Release|Any CPU
		{2B8C8DF7-165B-49E9-8E90-1765ABB0BB55}.Release|Any CPU.Build.0 = Release|Any CPU
		{4D97BAB2-F128-4EB2-9B95-0BD9939A81D5}.Debug|Any CPU.ActiveCfg = Debug|Any CPU
		{4D97BAB2-F128-4EB2-9B95-0BD9939A81D5}.Debug|Any CPU.Build.0 = Debug|Any CPU
		{4D97BAB2-F128-4EB2-9B95-0BD9939A81D5}.Release|Any CPU.ActiveCfg = Release|Any CPU
		{4D97BAB2-F128-4EB2-9B95-0BD9939A81D5}.Release|Any CPU.Build.0 = Release|Any CPU
		{FD0C62A9-CF67-4E9A-8B0A-E66023281428}.Debug|Any CPU.ActiveCfg = Debug|Any CPU
		{FD0C62A9-CF67-4E9A-8B0A-E66023281428}.Debug|Any CPU.Build.0 = Debug|Any CPU
		{FD0C62A9-CF67-4E9A-8B0A-E66023281428}.Release|Any CPU.ActiveCfg = Release|Any CPU
		{FD0C62A9-CF67-4E9A-8B0A-E66023281428}.Release|Any CPU.Build.0 = Release|Any CPU
		{C1EE9B1B-51A3-47D0-94F6-3B8D0CCB3789}.Debug|Any CPU.ActiveCfg = Debug|Any CPU
		{C1EE9B1B-51A3-47D0-94F6-3B8D0CCB3789}.Debug|Any CPU.Build.0 = Debug|Any CPU
		{C1EE9B1B-51A3-47D0-94F6-3B8D0CCB3789}.Release|Any CPU.ActiveCfg = Release|Any CPU
		{C1EE9B1B-51A3-47D0-94F6-3B8D0CCB3789}.Release|Any CPU.Build.0 = Release|Any CPU
	EndGlobalSection
	GlobalSection(SolutionProperties) = preSolution
		HideSolutionNode = FALSE
	EndGlobalSection
	GlobalSection(ExtensibilityGlobals) = postSolution
		SolutionGuid = {FFCD61BF-F4C1-45C4-B956-BE6B7BF38034}
	EndGlobalSection
EndGlobal
